Microsoft Visual Studio Solution File, Format Version 12.00
# Visual Studio Version 17
VisualStudioVersion = 17.0.31903.59
MinimumVisualStudioVersion = 10.0.40219.1
Project("{2150E333-8FDC-42A3-9474-1A3956D46DE8}") = "Part-I -- Thinking in Domains", "Part-I -- Thinking in Domains", "{A1000001-0000-0000-0000-000000000001}"
EndProject
Project("{2150E333-8FDC-42A3-9474-1A3956D46DE8}") = "src", "src", "{A1000002-0000-0000-0000-000000000001}"
EndProject
Project("{2150E333-8FDC-42A3-9474-1A3956D46DE8}") = "tests", "tests", "{A1000003-0000-0000-0000-000000000001}"
EndProject
Project("{FAE04EC0-301F-11D3-BF4B-00C04F79EFBC}") = "Part-I.BankAccount.Domain", "Part-I\src\BankAccount.Domain\BankAccount.Domain.csproj", "{B1001001-0000-0000-0000-000000000001}"
EndProject
Project("{FAE04EC0-301F-11D3-BF4B-00C04F79EFBC}") = "Part-I.BankAccount.Domain.Tests", "Part-I\tests\BankAccount.Domain.Tests\BankAccount.Domain.Tests.csproj", "{B1001002-0000-0000-0000-000000000001}"
EndProject
Project("{2150E333-8FDC-42A3-9474-1A3956D46DE8}") = "Part-II -- Modelling with Events", "Part-II -- Modelling with Events", "{A2000001-0000-0000-0000-000000000001}"
EndProject
Project("{2150E333-8FDC-42A3-9474-1A3956D46DE8}") = "src", "src", "{A2000002-0000-0000-0000-000000000001}"
EndProject
Project("{2150E333-8FDC-42A3-9474-1A3956D46DE8}") = "tests", "tests", "{A2000003-0000-0000-0000-000000000001}"
EndProject
Project("{FAE04EC0-301F-11D3-BF4B-00C04F79EFBC}") = "Part-II.BankAccount.Commands", "Part-II\src\BankAccount.Commands\BankAccount.Commands.csproj", "{B2001001-0000-0000-0000-000000000001}"
EndProject
Project("{FAE04EC0-301F-11D3-BF4B-00C04F79EFBC}") = "Part-II.BankAccount.Domain", "Part-II\src\BankAccount.Domain\BankAccount.Domain.csproj", "{B2001002-0000-0000-0000-000000000001}"
EndProject
Project("{FAE04EC0-301F-11D3-BF4B-00C04F79EFBC}") = "Part-II.BankAccount.Infrastructure", "Part-II\src\BankAccount.Infrastructure\BankAccount.Infrastructure.csproj", "{B2001003-0000-0000-0000-000000000001}"
EndProject
Project("{FAE04EC0-301F-11D3-BF4B-00C04F79EFBC}") = "Part-II.BankAccount.Tests", "Part-II\tests\BankAccount.Tests\BankAccount.Tests.csproj", "{B2001004-0000-0000-0000-000000000001}"
EndProject
Project("{2150E333-8FDC-42A3-9474-1A3956D46DE8}") = "Part-III -- Commanding Change", "Part-III -- Commanding Change", "{A3000001-0000-0000-0000-000000000001}"
EndProject
Project("{2150E333-8FDC-42A3-9474-1A3956D46DE8}") = "src", "src", "{A3000002-0000-0000-0000-000000000001}"
EndProject
Project("{2150E333-8FDC-42A3-9474-1A3956D46DE8}") = "tests", "tests", "{A3000003-0000-0000-0000-000000000001}"
EndProject
Project("{FAE04EC0-301F-11D3-BF4B-00C04F79EFBC}") = "Part-III.BankAccount.Application", "Part-III\src\BankAccount.Application\BankAccount.Application.csproj", "{B3001001-0000-0000-0000-000000000001}"
EndProject
Project("{FAE04EC0-301F-11D3-BF4B-00C04F79EFBC}") = "Part-III.BankAccount.Domain", "Part-III\src\BankAccount.Domain\BankAccount.Domain.csproj", "{B3001002-0000-0000-0000-000000000001}"
EndProject
Project("{FAE04EC0-301F-11D3-BF4B-00C04F79EFBC}") = "Part-III.BankAccount.Infrastructure", "Part-III\src\BankAccount.Infrastructure\BankAccount.Infrastructure.csproj", "{B3001003-0000-0000-0000-000000000001}"
EndProject
Project("{FAE04EC0-301F-11D3-BF4B-00C04F79EFBC}") = "Part-III.BankAccount.Tests", "Part-III\tests\BankAccount.Tests\BankAccount.Tests.csproj", "{B3001004-0000-0000-0000-000000000001}"
EndProject
Project("{2150E333-8FDC-42A3-9474-1A3956D46DE8}") = "Part-IV -- Reading the World", "Part-IV -- Reading the World", "{A4000001-0000-0000-0000-000000000001}"
EndProject
Project("{2150E333-8FDC-42A3-9474-1A3956D46DE8}") = "src", "src", "{A4000002-0000-0000-0000-000000000001}"
EndProject
Project("{2150E333-8FDC-42A3-9474-1A3956D46DE8}") = "tests", "tests", "{A4000003-0000-0000-0000-000000000001}"
EndProject
Project("{FAE04EC0-301F-11D3-BF4B-00C04F79EFBC}") = "Part-IV.BankAccount.Api", "Part-IV\src\BankAccount.Api\BankAccount.Api.csproj", "{B4001001-0000-0000-0000-000000000001}"
EndProject
Project("{FAE04EC0-301F-11D3-BF4B-00C04F79EFBC}") = "Part-IV.BankAccount.Domain", "Part-IV\src\BankAccount.Domain\BankAccount.Domain.csproj", "{B4001002-0000-0000-0000-000000000001}"
EndProject
Project("{FAE04EC0-301F-11D3-BF4B-00C04F79EFBC}") = "Part-IV.BankAccount.Tests", "Part-IV\tests\BankAccount.Tests\BankAccount.Tests.csproj", "{B4001003-0000-0000-0000-000000000001}"
EndProject
Project("{2150E333-8FDC-42A3-9474-1A3956D46DE8}") = "Part-V -- Infrastructure and Persistence", "Part-V -- Infrastructure and Persistence", "{A5000001-0000-0000-0000-000000000001}"
EndProject
Project("{2150E333-8FDC-42A3-9474-1A3956D46DE8}") = "src", "src", "{A5000002-0000-0000-0000-000000000001}"
EndProject
Project("{2150E333-8FDC-42A3-9474-1A3956D46DE8}") = "tests", "tests", "{A5000003-0000-0000-0000-000000000001}"
EndProject
Project("{FAE04EC0-301F-11D3-BF4B-00C04F79EFBC}") = "Part-V.BankAccount.Api", "Part-V\src\BankAccount.Api\BankAccount.Api.csproj", "{B5001001-0000-0000-0000-000000000001}"
EndProject
Project("{FAE04EC0-301F-11D3-BF4B-00C04F79EFBC}") = "Part-V.BankAccount.Domain", "Part-V\src\BankAccount.Domain\BankAccount.Domain.csproj", "{B5001002-0000-0000-0000-000000000001}"
EndProject
Project("{FAE04EC0-301F-11D3-BF4B-00C04F79EFBC}") = "Part-V.BankAccount.Infrastructure", "Part-V\src\BankAccount.Infrastructure\BankAccount.Infrastructure.csproj", "{B5001003-0000-0000-0000-000000000001}"
EndProject
Project("{FAE04EC0-301F-11D3-BF4B-00C04F79EFBC}") = "Part-V.BankAccount.Tests", "Part-V\tests\BankAccount.Tests\BankAccount.Tests.csproj", "{B5001004-0000-0000-0000-000000000001}"
EndProject
Project("{2150E333-8FDC-42A3-9474-1A3956D46DE8}") = "Part-VI -- Production Readiness", "Part-VI -- Production Readiness", "{A6000001-0000-0000-0000-000000000001}"
EndProject
Project("{2150E333-8FDC-42A3-9474-1A3956D46DE8}") = "src", "src", "{A6000002-0000-0000-0000-000000000001}"
EndProject
Project("{2150E333-8FDC-42A3-9474-1A3956D46DE8}") = "tests", "tests", "{A6000003-0000-0000-0000-000000000001}"
EndProject
Project("{FAE04EC0-301F-11D3-BF4B-00C04F79EFBC}") = "Part-VI.BankAccount.Api", "Part-VI\src\BankAccount.Api\BankAccount.Api.csproj", "{B6001001-0000-0000-0000-000000000001}"
EndProject
Project("{FAE04EC0-301F-11D3-BF4B-00C04F79EFBC}") = "Part-VI.BankAccount.Domain", "Part-VI\src\BankAccount.Domain\BankAccount.Domain.csproj", "{B6001002-0000-0000-0000-000000000001}"
EndProject
Project("{FAE04EC0-301F-11D3-BF4B-00C04F79EFBC}") = "Part-VI.BankAccount.Infrastructure", "Part-VI\src\BankAccount.Infrastructure\BankAccount.Infrastructure.csproj", "{B6001003-0000-0000-0000-000000000001}"
EndProject
Project("{FAE04EC0-301F-11D3-BF4B-00C04F79EFBC}") = "Part-VI.BankAccount.Tests", "Part-VI\tests\BankAccount.Tests\BankAccount.Tests.csproj", "{B6001004-0000-0000-0000-000000000001}"
EndProject
Project("{2150E333-8FDC-42A3-9474-1A3956D46DE8}") = "Part-VII -- Inside the Framework", "Part-VII -- Inside the Framework", "{A7000001-0000-0000-0000-000000000001}"
EndProject
Project("{2150E333-8FDC-42A3-9474-1A3956D46DE8}") = "src", "src", "{A7000002-0000-0000-0000-000000000001}"
EndProject
Project("{2150E333-8FDC-42A3-9474-1A3956D46DE8}") = "tests", "tests", "{A7000003-0000-0000-0000-000000000001}"
EndProject
Project("{FAE04EC0-301F-11D3-BF4B-00C04F79EFBC}") = "Part-VII.BankAccount.Api", "Part-VII\src\BankAccount.Api\BankAccount.Api.csproj", "{B7001001-0000-0000-0000-000000000001}"
EndProject
Project("{FAE04EC0-301F-11D3-BF4B-00C04F79EFBC}") = "Part-VII.BankAccount.Domain", "Part-VII\src\BankAccount.Domain\BankAccount.Domain.csproj", "{B7001002-0000-0000-0000-000000000001}"
EndProject
Project("{FAE04EC0-301F-11D3-BF4B-00C04F79EFBC}") = "Part-VII.BankAccount.Infrastructure", "Part-VII\src\BankAccount.Infrastructure\BankAccount.Infrastructure.csproj", "{B7001003-0000-0000-0000-000000000001}"
EndProject
Project("{FAE04EC0-301F-11D3-BF4B-00C04F79EFBC}") = "Part-VII.BankAccount.Infrastructure.Audit", "Part-VII\src\BankAccount.Infrastructure.Audit\BankAccount.Infrastructure.Audit.csproj", "{B7001004-0000-0000-0000-000000000001}"
EndProject
Project("{FAE04EC0-301F-11D3-BF4B-00C04F79EFBC}") = "Part-VII.BankAccount.Infrastructure.Aws", "Part-VII\src\BankAccount.Infrastructure.Aws\BankAccount.Infrastructure.Aws.csproj", "{B7001005-0000-0000-0000-000000000001}"
EndProject
Project("{FAE04EC0-301F-11D3-BF4B-00C04F79EFBC}") = "Part-VII.BankAccount.Infrastructure.MongoDb", "Part-VII\src\BankAccount.Infrastructure.MongoDb\BankAccount.Infrastructure.MongoDb.csproj", "{B7001006-0000-0000-0000-000000000001}"
EndProject
Project("{FAE04EC0-301F-11D3-BF4B-00C04F79EFBC}") = "Part-VII.BankAccount.Tests", "Part-VII\tests\BankAccount.Tests\BankAccount.Tests.csproj", "{B7001007-0000-0000-0000-000000000001}"
EndProject
Global
	GlobalSection(SolutionConfigurationPlatforms) = preSolution
		Debug|Any CPU = Debug|Any CPU
		Release|Any CPU = Release|Any CPU
	EndGlobalSection
	GlobalSection(ProjectConfigurationPlatforms) = postSolution
		{B1001001-0000-0000-0000-000000000001}.Debug|Any CPU.ActiveCfg = Debug|Any CPU
		{B1001001-0000-0000-0000-000000000001}.Debug|Any CPU.Build.0 = Debug|Any CPU
		{B1001001-0000-0000-0000-000000000001}.Release|Any CPU.ActiveCfg = Release|Any CPU
		{B1001001-0000-0000-0000-000000000001}.Release|Any CPU.Build.0 = Release|Any CPU
		{B1001002-0000-0000-0000-000000000001}.Debug|Any CPU.ActiveCfg = Debug|Any CPU
		{B1001002-0000-0000-0000-000000000001}.Debug|Any CPU.Build.0 = Debug|Any CPU
		{B1001002-0000-0000-0000-000000000001}.Release|Any CPU.ActiveCfg = Release|Any CPU
		{B1001002-0000-0000-0000-000000000001}.Release|Any CPU.Build.0 = Release|Any CPU
		{B2001001-0000-0000-0000-000000000001}.Debug|Any CPU.ActiveCfg = Debug|Any CPU
		{B2001001-0000-0000-0000-000000000001}.Debug|Any CPU.Build.0 = Debug|Any CPU
		{B2001001-0000-0000-0000-000000000001}.Release|Any CPU.ActiveCfg = Release|Any CPU
		{B2001001-0000-0000-0000-000000000001}.Release|Any CPU.Build.0 = Release|Any CPU
		{B2001002-0000-0000-0000-000000000001}.Debug|Any CPU.ActiveCfg = Debug|Any CPU
		{B2001002-0000-0000-0000-000000000001}.Debug|Any CPU.Build.0 = Debug|Any CPU
		{B2001002-0000-0000-0000-000000000001}.Release|Any CPU.ActiveCfg = Release|Any CPU
		{B2001002-0000-0000-0000-000000000001}.Release|Any CPU.Build.0 = Release|Any CPU
		{B2001003-0000-0000-0000-000000000001}.Debug|Any CPU.ActiveCfg = Debug|Any CPU
		{B2001003-0000-0000-0000-000000000001}.Debug|Any CPU.Build.0 = Debug|Any CPU
		{B2001003-0000-0000-0000-000000000001}.Release|Any CPU.ActiveCfg = Release|Any CPU
		{B2001003-0000-0000-0000-000000000001}.Release|Any CPU.Build.0 = Release|Any CPU
		{B2001004-0000-0000-0000-000000000001}.Debug|Any CPU.ActiveCfg = Debug|Any CPU
		{B2001004-0000-0000-0000-000000000001}.Debug|Any CPU.Build.0 = Debug|Any CPU
		{B2001004-0000-0000-0000-000000000001}.Release|Any CPU.ActiveCfg = Release|Any CPU
		{B2001004-0000-0000-0000-000000000001}.Release|Any CPU.Build.0 = Release|Any CPU
		{B3001001-0000-0000-0000-000000000001}.Debug|Any CPU.ActiveCfg = Debug|Any CPU
		{B3001001-0000-0000-0000-000000000001}.Debug|Any CPU.Build.0 = Debug|Any CPU
		{B3001001-0000-0000-0000-000000000001}.Release|Any CPU.ActiveCfg = Release|Any CPU
		{B3001001-0000-0000-0000-000000000001}.Release|Any CPU.Build.0 = Release|Any CPU
		{B3001002-0000-0000-0000-000000000001}.Debug|Any CPU.ActiveCfg = Debug|Any CPU
		{B3001002-0000-0000-0000-000000000001}.Debug|Any CPU.Build.0 = Debug|Any CPU
		{B3001002-0000-0000-0000-000000000001}.Release|Any CPU.ActiveCfg = Release|Any CPU
		{B3001002-0000-0000-0000-000000000001}.Release|Any CPU.Build.0 = Release|Any CPU
		{B3001003-0000-0000-0000-000000000001}.Debug|Any CPU.ActiveCfg = Debug|Any CPU
		{B3001003-0000-0000-0000-000000000001}.Debug|Any CPU.Build.0 = Debug|Any CPU
		{B3001003-0000-0000-0000-000000000001}.Release|Any CPU.ActiveCfg = Release|Any CPU
		{B3001003-0000-0000-0000-000000000001}.Release|Any CPU.Build.0 = Release|Any CPU
		{B3001004-0000-0000-0000-000000000001}.Debug|Any CPU.ActiveCfg = Debug|Any CPU
		{B3001004-0000-0000-0000-000000000001}.Debug|Any CPU.Build.0 = Debug|Any CPU
		{B3001004-0000-0000-0000-000000000001}.Release|Any CPU.ActiveCfg = Release|Any CPU
		{B3001004-0000-0000-0000-000000000001}.Release|Any CPU.Build.0 = Release|Any CPU
		{B4001001-0000-0000-0000-000000000001}.Debug|Any CPU.ActiveCfg = Debug|Any CPU
		{B4001001-0000-0000-0000-000000000001}.Debug|Any CPU.Build.0 = Debug|Any CPU
		{B4001001-0000-0000-0000-000000000001}.Release|Any CPU.ActiveCfg = Release|Any CPU
		{B4001001-0000-0000-0000-000000000001}.Release|Any CPU.Build.0 = Release|Any CPU
		{B4001002-0000-0000-0000-000000000001}.Debug|Any CPU.ActiveCfg = Debug|Any CPU
		{B4001002-0000-0000-0000-000000000001}.Debug|Any CPU.Build.0 = Debug|Any CPU
		{B4001002-0000-0000-0000-000000000001}.Release|Any CPU.ActiveCfg = Release|Any CPU
		{B4001002-0000-0000-0000-000000000001}.Release|Any CPU.Build.0 = Release|Any CPU
		{B4001003-0000-0000-0000-000000000001}.Debug|Any CPU.ActiveCfg = Debug|Any CPU
		{B4001003-0000-0000-0000-000000000001}.Debug|Any CPU.Build.0 = Debug|Any CPU
		{B4001003-0000-0000-0000-000000000001}.Release|Any CPU.ActiveCfg = Release|Any CPU
		{B4001003-0000-0000-0000-000000000001}.Release|Any CPU.Build.0 = Release|Any CPU
		{B5001001-0000-0000-0000-000000000001}.Debug|Any CPU.ActiveCfg = Debug|Any CPU
		{B5001001-0000-0000-0000-000000000001}.Debug|Any CPU.Build.0 = Debug|Any CPU
		{B5001001-0000-0000-0000-000000000001}.Release|Any CPU.ActiveCfg = Release|Any CPU
		{B5001001-0000-0000-0000-000000000001}.Release|Any CPU.Build.0 = Release|Any CPU
		{B5001002-0000-0000-0000-000000000001}.Debug|Any CPU.ActiveCfg = Debug|Any CPU
		{B5001002-0000-0000-0000-000000000001}.Debug|Any CPU.Build.0 = Debug|Any CPU
		{B5001002-0000-0000-0000-000000000001}.Release|Any CPU.ActiveCfg = Release|Any CPU
		{B5001002-0000-0000-0000-000000000001}.Release|Any CPU.Build.0 = Release|Any CPU
		{B5001003-0000-0000-0000-000000000001}.Debug|Any CPU.ActiveCfg = Debug|Any CPU
		{B5001003-0000-0000-0000-000000000001}.Debug|Any CPU.Build.0 = Debug|Any CPU
		{B5001003-0000-0000-0000-000000000001}.Release|Any CPU.ActiveCfg = Release|Any CPU
		{B5001003-0000-0000-0000-000000000001}.Release|Any CPU.Build.0 = Release|Any CPU
		{B5001004-0000-0000-0000-000000000001}.Debug|Any CPU.ActiveCfg = Debug|Any CPU
		{B5001004-0000-0000-0000-000000000001}.Debug|Any CPU.Build.0 = Debug|Any CPU
		{B5001004-0000-0000-0000-000000000001}.Release|Any CPU.ActiveCfg = Release|Any CPU
		{B5001004-0000-0000-0000-000000000001}.Release|Any CPU.Build.0 = Release|Any CPU
		{B6001001-0000-0000-0000-000000000001}.Debug|Any CPU.ActiveCfg = Debug|Any CPU
		{B6001001-0000-0000-0000-000000000001}.Debug|Any CPU.Build.0 = Debug|Any CPU
		{B6001001-0000-0000-0000-000000000001}.Release|Any CPU.ActiveCfg = Release|Any CPU
		{B6001001-0000-0000-0000-000000000001}.Release|Any CPU.Build.0 = Release|Any CPU
		{B6001002-0000-0000-0000-000000000001}.Debug|Any CPU.ActiveCfg = Debug|Any CPU
		{B6001002-0000-0000-0000-000000000001}.Debug|Any CPU.Build.0 = Debug|Any CPU
		{B6001002-0000-0000-0000-000000000001}.Release|Any CPU.ActiveCfg = Release|Any CPU
		{B6001002-0000-0000-0000-000000000001}.Release|Any CPU.Build.0 = Release|Any CPU
		{B6001003-0000-0000-0000-000000000001}.Debug|Any CPU.ActiveCfg = Debug|Any CPU
		{B6001003-0000-0000-0000-000000000001}.Debug|Any CPU.Build.0 = Debug|Any CPU
		{B6001003-0000-0000-0000-000000000001}.Release|Any CPU.ActiveCfg = Release|Any CPU
		{B6001003-0000-0000-0000-000000000001}.Release|Any CPU.Build.0 = Release|Any CPU
		{B6001004-0000-0000-0000-000000000001}.Debug|Any CPU.ActiveCfg = Debug|Any CPU
		{B6001004-0000-0000-0000-000000000001}.Debug|Any CPU.Build.0 = Debug|Any CPU
		{B6001004-0000-0000-0000-000000000001}.Release|Any CPU.ActiveCfg = Release|Any CPU
		{B6001004-0000-0000-0000-000000000001}.Release|Any CPU.Build.0 = Release|Any CPU
		{B7001001-0000-0000-0000-000000000001}.Debug|Any CPU.ActiveCfg = Debug|Any CPU
		{B7001001-0000-0000-0000-000000000001}.Debug|Any CPU.Build.0 = Debug|Any CPU
		{B7001001-0000-0000-0000-000000000001}.Release|Any CPU.ActiveCfg = Release|Any CPU
		{B7001001-0000-0000-0000-000000000001}.Release|Any CPU.Build.0 = Release|Any CPU
		{B7001002-0000-0000-0000-000000000001}.Debug|Any CPU.ActiveCfg = Debug|Any CPU
		{B7001002-0000-0000-0000-000000000001}.Debug|Any CPU.Build.0 = Debug|Any CPU
		{B7001002-0000-0000-0000-000000000001}.Release|Any CPU.ActiveCfg = Release|Any CPU
		{B7001002-0000-0000-0000-000000000001}.Release|Any CPU.Build.0 = Release|Any CPU
		{B7001003-0000-0000-0000-000000000001}.Debug|Any CPU.ActiveCfg = Debug|Any CPU
		{B7001003-0000-0000-0000-000000000001}.Debug|Any CPU.Build.0 = Debug|Any CPU
		{B7001003-0000-0000-0000-000000000001}.Release|Any CPU.ActiveCfg = Release|Any CPU
		{B7001003-0000-0000-0000-000000000001}.Release|Any CPU.Build.0 = Release|Any CPU
		{B7001004-0000-0000-0000-000000000001}.Debug|Any CPU.ActiveCfg = Debug|Any CPU
		{B7001004-0000-0000-0000-000000000001}.Debug|Any CPU.Build.0 = Debug|Any CPU
		{B7001004-0000-0000-0000-000000000001}.Release|Any CPU.ActiveCfg = Release|Any CPU
		{B7001004-0000-0000-0000-000000000001}.Release|Any CPU.Build.0 = Release|Any CPU
		{B7001005-0000-0000-0000-000000000001}.Debug|Any CPU.ActiveCfg = Debug|Any CPU
		{B7001005-0000-0000-0000-000000000001}.Debug|Any CPU.Build.0 = Debug|Any CPU
		{B7001005-0000-0000-0000-000000000001}.Release|Any CPU.ActiveCfg = Release|Any CPU
		{B7001005-0000-0000-0000-000000000001}.Release|Any CPU.Build.0 = Release|Any CPU
		{B7001006-0000-0000-0000-000000000001}.Debug|Any CPU.ActiveCfg = Debug|Any CPU
		{B7001006-0000-0000-0000-000000000001}.Debug|Any CPU.Build.0 = Debug|Any CPU
		{B7001006-0000-0000-0000-000000000001}.Release|Any CPU.ActiveCfg = Release|Any CPU
		{B7001006-0000-0000-0000-000000000001}.Release|Any CPU.Build.0 = Release|Any CPU
		{B7001007-0000-0000-0000-000000000001}.Debug|Any CPU.ActiveCfg = Debug|Any CPU
		{B7001007-0000-0000-0000-000000000001}.Debug|Any CPU.Build.0 = Debug|Any CPU
		{B7001007-0000-0000-0000-000000000001}.Release|Any CPU.ActiveCfg = Release|Any CPU
		{B7001007-0000-0000-0000-000000000001}.Release|Any CPU.Build.0 = Release|Any CPU
	EndGlobalSection
	GlobalSection(NestedProjects) = preSolution
		{A1000002-0000-0000-0000-000000000001} = {A1000001-0000-0000-0000-000000000001}
		{A1000003-0000-0000-0000-000000000001} = {A1000001-0000-0000-0000-000000000001}
		{B1001001-0000-0000-0000-000000000001} = {A1000002-0000-0000-0000-000000000001}
		{B1001002-0000-0000-0000-000000000001} = {A1000003-0000-0000-0000-000000000001}
		{A2000002-0000-0000-0000-000000000001} = {A2000001-0000-0000-0000-000000000001}
		{A2000003-0000-0000-0000-000000000001} = {A2000001-0000-0000-0000-000000000001}
		{B2001001-0000-0000-0000-000000000001} = {A2000002-0000-0000-0000-000000000001}
		{B2001002-0000-0000-0000-000000000001} = {A2000002-0000-0000-0000-000000000001}
		{B2001003-0000-0000-0000-000000000001} = {A2000002-0000-0000-0000-000000000001}
		{B2001004-0000-0000-0000-000000000001} = {A2000003-0000-0000-0000-000000000001}
		{A3000002-0000-0000-0000-000000000001} = {A3000001-0000-0000-0000-000000000001}
		{A3000003-0000-0000-0000-000000000001} = {A3000001-0000-0000-0000-000000000001}
		{B3001001-0000-0000-0000-000000000001} = {A3000002-0000-0000-0000-000000000001}
		{B3001002-0000-0000-0000-000000000001} = {A3000002-0000-0000-0000-000000000001}
		{B3001003-0000-0000-0000-000000000001} = {A3000002-0000-0000-0000-000000000001}
		{B3001004-0000-0000-0000-000000000001} = {A3000003-0000-0000-0000-000000000001}
		{A4000002-0000-0000-0000-000000000001} = {A4000001-0000-0000-0000-000000000001}
		{A4000003-0000-0000-0000-000000000001} = {A4000001-0000-0000-0000-000000000001}
		{B4001001-0000-0000-0000-000000000001} = {A4000002-0000-0000-0000-000000000001}
		{B4001002-0000-0000-0000-000000000001} = {A4000002-0000-0000-0000-000000000001}
		{B4001003-0000-0000-0000-000000000001} = {A4000003-0000-0000-0000-000000000001}
		{A5000002-0000-0000-0000-000000000001} = {A5000001-0000-0000-0000-000000000001}
		{A5000003-0000-0000-0000-000000000001} = {A5000001-0000-0000-0000-000000000001}
		{B5001001-0000-0000-0000-000000000001} = {A5000002-0000-0000-0000-000000000001}
		{B5001002-0000-0000-0000-000000000001} = {A5000002-0000-0000-0000-000000000001}
		{B5001003-0000-0000-0000-000000000001} = {A5000002-0000-0000-0000-000000000001}
		{B5001004-0000-0000-0000-000000000001} = {A5000003-0000-0000-0000-000000000001}
		{A6000002-0000-0000-0000-000000000001} = {A6000001-0000-0000-0000-000000000001}
		{A6000003-0000-0000-0000-000000000001} = {A6000001-0000-0000-0000-000000000001}
		{B6001001-0000-0000-0000-000000000001} = {A6000002-0000-0000-0000-000000000001}
		{B6001002-0000-0000-0000-000000000001} = {A6000002-0000-0000-0000-000000000001}
		{B6001003-0000-0000-0000-000000000001} = {A6000002-0000-0000-0000-000000000001}
		{B6001004-0000-0000-0000-000000000001} = {A6000003-0000-0000-0000-000000000001}
		{A7000002-0000-0000-0000-000000000001} = {A7000001-0000-0000-0000-000000000001}
		{A7000003-0000-0000-0000-000000000001} = {A7000001-0000-0000-0000-000000000001}
		{B7001001-0000-0000-0000-000000000001} = {A7000002-0000-0000-0000-000000000001}
		{B7001002-0000-0000-0000-000000000001} = {A7000002-0000-0000-0000-000000000001}
		{B7001003-0000-0000-0000-000000000001} = {A7000002-0000-0000-0000-000000000001}
		{B7001004-0000-0000-0000-000000000001} = {A7000002-0000-0000-0000-000000000001}
		{B7001005-0000-0000-0000-000000000001} = {A7000002-0000-0000-0000-000000000001}
		{B7001006-0000-0000-0000-000000000001} = {A7000002-0000-0000-0000-000000000001}
		{B7001007-0000-0000-0000-000000000001} = {A7000003-0000-0000-0000-000000000001}
	EndGlobalSection
EndGlobal
